// !$*UTF8*$!
{
	archiveVersion = 1;
	classes = {
	};
	objectVersion = 56;
	objects = {

/* Begin PBXBuildFile section */
		FD541A022A2A0C7900F68C68 /* Assets.xcassets in Resources */ = {isa = PBXBuildFile; fileRef = FD541A012A2A0C7900F68C68 /* Assets.xcassets */; };
		FD63869E2A2CABEA001EA164 /* DetailView.swift in Sources */ = {isa = PBXBuildFile; fileRef = FD6386902A2CABEA001EA164 /* DetailView.swift */; };
		FD63869F2A2CABEA001EA164 /* ListView.swift in Sources */ = {isa = PBXBuildFile; fileRef = FD6386912A2CABEA001EA164 /* ListView.swift */; };
		FD6386A12A2CABEA001EA164 /* DateProvider.swift in Sources */ = {isa = PBXBuildFile; fileRef = FD6386942A2CABEA001EA164 /* DateProvider.swift */; };
		FD6386A22A2CABEA001EA164 /* IDProvider.swift in Sources */ = {isa = PBXBuildFile; fileRef = FD6386952A2CABEA001EA164 /* IDProvider.swift */; };
		FD6386A32A2CABEA001EA164 /* ChatView.swift in Sources */ = {isa = PBXBuildFile; fileRef = FD6386962A2CABEA001EA164 /* ChatView.swift */; };
		FD6386A42A2CABEA001EA164 /* Conversation.swift in Sources */ = {isa = PBXBuildFile; fileRef = FD6386982A2CABEA001EA164 /* Conversation.swift */; };
		FD6386A52A2CABEA001EA164 /* Message.swift in Sources */ = {isa = PBXBuildFile; fileRef = FD6386992A2CABEA001EA164 /* Message.swift */; };
		FD6386A62A2CABEA001EA164 /* ChatStore.swift in Sources */ = {isa = PBXBuildFile; fileRef = FD63869A2A2CABEA001EA164 /* ChatStore.swift */; };
		FD6386A92A2CB15D001EA164 /* ChatBubbleView.swift in Sources */ = {isa = PBXBuildFile; fileRef = FD6386A82A2CB15D001EA164 /* ChatBubbleView.swift */; };
		FD80928F2A2B0958008EA8A2 /* AudioRecorderService.swift in Sources */ = {isa = PBXBuildFile; fileRef = FD80928E2A2B0958008EA8A2 /* AudioRecorderService.swift */; };
		FD81475F2A2B614800825C4A /* OpenAI in Frameworks */ = {isa = PBXBuildFile; productRef = FD81475E2A2B614800825C4A /* OpenAI */; };
		FD8147612A2B62A500825C4A /* WhisperService.swift in Sources */ = {isa = PBXBuildFile; fileRef = FD8147602A2B62A500825C4A /* WhisperService.swift */; };
		FD8147632A2B6B3700825C4A /* Secret.swift in Sources */ = {isa = PBXBuildFile; fileRef = FD8147622A2B6B3700825C4A /* Secret.swift */; };
		FD8147652A2B730E00825C4A /* GPTService.swift in Sources */ = {isa = PBXBuildFile; fileRef = FD8147642A2B730E00825C4A /* GPTService.swift */; };
		FD8147672A2B78F200825C4A /* Promt.swift in Sources */ = {isa = PBXBuildFile; fileRef = FD8147662A2B78F200825C4A /* Promt.swift */; };
		FD81476A2A2B7C1000825C4A /* ElevenlabsSwift in Frameworks */ = {isa = PBXBuildFile; productRef = FD8147692A2B7C1000825C4A /* ElevenlabsSwift */; };
		FD81476C2A2B7C1900825C4A /* ElevenLabsService.swift in Sources */ = {isa = PBXBuildFile; fileRef = FD81476B2A2B7C1900825C4A /* ElevenLabsService.swift */; };
		FD81476E2A2BA2F800825C4A /* AudioPlayerService.swift in Sources */ = {isa = PBXBuildFile; fileRef = FD81476D2A2BA2F800825C4A /* AudioPlayerService.swift */; };
		FDAFAF472A2C7B3D005CE791 /* MainView.swift in Sources */ = {isa = PBXBuildFile; fileRef = FDAFAF462A2C7B3D005CE791 /* MainView.swift */; };
		FDAFAF492A2C8197005CE791 /* AppDelegate.swift in Sources */ = {isa = PBXBuildFile; fileRef = FDAFAF482A2C8197005CE791 /* AppDelegate.swift */; };
		FDAFAF4B2A2C81A1005CE791 /* SceneDelegate.swift in Sources */ = {isa = PBXBuildFile; fileRef = FDAFAF4A2A2C81A1005CE791 /* SceneDelegate.swift */; };
/* End PBXBuildFile section */

/* Begin PBXFileReference section */
		FD5419FA2A2A0C7800F68C68 /* ElevenSpeak.app */ = {isa = PBXFileReference; explicitFileType = wrapper.application; includeInIndex = 0; path = ElevenSpeak.app; sourceTree = BUILT_PRODUCTS_DIR; };
		FD541A012A2A0C7900F68C68 /* Assets.xcassets */ = {isa = PBXFileReference; lastKnownFileType = folder.assetcatalog; path = Assets.xcassets; sourceTree = "<group>"; };
		FD541A062A2A0C7900F68C68 /* ElevenSpeak.entitlements */ = {isa = PBXFileReference; lastKnownFileType = text.plist.entitlements; path = ElevenSpeak.entitlements; sourceTree = "<group>"; };
		FD6386902A2CABEA001EA164 /* DetailView.swift */ = {isa = PBXFileReference; fileEncoding = 4; lastKnownFileType = sourcecode.swift; path = DetailView.swift; sourceTree = "<group>"; };
		FD6386912A2CABEA001EA164 /* ListView.swift */ = {isa = PBXFileReference; fileEncoding = 4; lastKnownFileType = sourcecode.swift; path = ListView.swift; sourceTree = "<group>"; };
		FD6386942A2CABEA001EA164 /* DateProvider.swift */ = {isa = PBXFileReference; fileEncoding = 4; lastKnownFileType = sourcecode.swift; path = DateProvider.swift; sourceTree = "<group>"; };
		FD6386952A2CABEA001EA164 /* IDProvider.swift */ = {isa = PBXFileReference; fileEncoding = 4; lastKnownFileType = sourcecode.swift; path = IDProvider.swift; sourceTree = "<group>"; };
		FD6386962A2CABEA001EA164 /* ChatView.swift */ = {isa = PBXFileReference; fileEncoding = 4; lastKnownFileType = sourcecode.swift; path = ChatView.swift; sourceTree = "<group>"; };
		FD6386982A2CABEA001EA164 /* Conversation.swift */ = {isa = PBXFileReference; fileEncoding = 4; lastKnownFileType = sourcecode.swift; path = Conversation.swift; sourceTree = "<group>"; };
		FD6386992A2CABEA001EA164 /* Message.swift */ = {isa = PBXFileReference; fileEncoding = 4; lastKnownFileType = sourcecode.swift; path = Message.swift; sourceTree = "<group>"; };
		FD63869A2A2CABEA001EA164 /* ChatStore.swift */ = {isa = PBXFileReference; fileEncoding = 4; lastKnownFileType = sourcecode.swift; path = ChatStore.swift; sourceTree = "<group>"; };
		FD6386A82A2CB15D001EA164 /* ChatBubbleView.swift */ = {isa = PBXFileReference; lastKnownFileType = sourcecode.swift; path = ChatBubbleView.swift; sourceTree = "<group>"; };
		FD80928E2A2B0958008EA8A2 /* AudioRecorderService.swift */ = {isa = PBXFileReference; lastKnownFileType = sourcecode.swift; path = AudioRecorderService.swift; sourceTree = "<group>"; };
		FD8147602A2B62A500825C4A /* WhisperService.swift */ = {isa = PBXFileReference; lastKnownFileType = sourcecode.swift; path = WhisperService.swift; sourceTree = "<group>"; };
		FD8147622A2B6B3700825C4A /* Secret.swift */ = {isa = PBXFileReference; lastKnownFileType = sourcecode.swift; path = Secret.swift; sourceTree = "<group>"; };
		FD8147642A2B730E00825C4A /* GPTService.swift */ = {isa = PBXFileReference; lastKnownFileType = sourcecode.swift; path = GPTService.swift; sourceTree = "<group>"; };
		FD8147662A2B78F200825C4A /* Promt.swift */ = {isa = PBXFileReference; lastKnownFileType = sourcecode.swift; path = Promt.swift; sourceTree = "<group>"; };
		FD81476B2A2B7C1900825C4A /* ElevenLabsService.swift */ = {isa = PBXFileReference; lastKnownFileType = sourcecode.swift; path = ElevenLabsService.swift; sourceTree = "<group>"; };
		FD81476D2A2BA2F800825C4A /* AudioPlayerService.swift */ = {isa = PBXFileReference; lastKnownFileType = sourcecode.swift; path = AudioPlayerService.swift; sourceTree = "<group>"; };
		FDAFAF462A2C7B3D005CE791 /* MainView.swift */ = {isa = PBXFileReference; lastKnownFileType = sourcecode.swift; path = MainView.swift; sourceTree = "<group>"; };
		FDAFAF482A2C8197005CE791 /* AppDelegate.swift */ = {isa = PBXFileReference; lastKnownFileType = sourcecode.swift; path = AppDelegate.swift; sourceTree = "<group>"; };
		FDAFAF4A2A2C81A1005CE791 /* SceneDelegate.swift */ = {isa = PBXFileReference; lastKnownFileType = sourcecode.swift; path = SceneDelegate.swift; sourceTree = "<group>"; };
/* End PBXFileReference section */

/* Begin PBXFrameworksBuildPhase section */
		FD5419F72A2A0C7800F68C68 /* Frameworks */ = {
			isa = PBXFrameworksBuildPhase;
			buildActionMask = 2147483647;
			files = (
				FD81475F2A2B614800825C4A /* OpenAI in Frameworks */,
				FD81476A2A2B7C1000825C4A /* ElevenlabsSwift in Frameworks */,
			);
			runOnlyForDeploymentPostprocessing = 0;
		};
/* End PBXFrameworksBuildPhase section */

/* Begin PBXGroup section */
		FD0A0FB42A2A2B65004FDEF9 /* Frameworks */ = {
			isa = PBXGroup;
			children = (
			);
			name = Frameworks;
			sourceTree = "<group>";
		};
		FD5419F12A2A0C7800F68C68 = {
			isa = PBXGroup;
			children = (
				FD5419FC2A2A0C7800F68C68 /* ElevenSpeak */,
				FD5419FB2A2A0C7800F68C68 /* Products */,
				FD0A0FB42A2A2B65004FDEF9 /* Frameworks */,
			);
			sourceTree = "<group>";
		};
		FD5419FB2A2A0C7800F68C68 /* Products */ = {
			isa = PBXGroup;
			children = (
				FD5419FA2A2A0C7800F68C68 /* ElevenSpeak.app */,
			);
			name = Products;
			sourceTree = "<group>";
		};
		FD5419FC2A2A0C7800F68C68 /* ElevenSpeak */ = {
			isa = PBXGroup;
			children = (
				FD541A1E2A2A1C9400F68C68 /* Application */,
				FD541A222A2A1CB500F68C68 /* Service */,
				FD6386972A2CABEA001EA164 /* Models */,
				FD6386932A2CABEA001EA164 /* Environment */,
				FD541A212A2A1CAD00F68C68 /* Presentation */,
				FD541A062A2A0C7900F68C68 /* ElevenSpeak.entitlements */,
			);
			path = ElevenSpeak;
			sourceTree = "<group>";
		};
		FD541A1E2A2A1C9400F68C68 /* Application */ = {
			isa = PBXGroup;
			children = (
				FD541A012A2A0C7900F68C68 /* Assets.xcassets */,
				FD8147622A2B6B3700825C4A /* Secret.swift */,
				FD8147662A2B78F200825C4A /* Promt.swift */,
				FDAFAF482A2C8197005CE791 /* AppDelegate.swift */,
				FDAFAF4A2A2C81A1005CE791 /* SceneDelegate.swift */,
			);
			path = Application;
			sourceTree = "<group>";
		};
		FD541A212A2A1CAD00F68C68 /* Presentation */ = {
			isa = PBXGroup;
			children = (
				FDAFAF462A2C7B3D005CE791 /* MainView.swift */,
				FD6386962A2CABEA001EA164 /* ChatView.swift */,
				FD6386912A2CABEA001EA164 /* ListView.swift */,
				FD6386902A2CABEA001EA164 /* DetailView.swift */,
				FD6386A82A2CB15D001EA164 /* ChatBubbleView.swift */,
			);
			path = Presentation;
			sourceTree = "<group>";
		};
		FD541A222A2A1CB500F68C68 /* Service */ = {
			isa = PBXGroup;
			children = (
				FD80928E2A2B0958008EA8A2 /* AudioRecorderService.swift */,
				FD81476D2A2BA2F800825C4A /* AudioPlayerService.swift */,
				FD8147602A2B62A500825C4A /* WhisperService.swift */,
				FD8147642A2B730E00825C4A /* GPTService.swift */,
				FD81476B2A2B7C1900825C4A /* ElevenLabsService.swift */,
			);
			path = Service;
			sourceTree = "<group>";
		};
		FD6386932A2CABEA001EA164 /* Environment */ = {
			isa = PBXGroup;
			children = (
				FD63869A2A2CABEA001EA164 /* ChatStore.swift */,
				FD6386942A2CABEA001EA164 /* DateProvider.swift */,
				FD6386952A2CABEA001EA164 /* IDProvider.swift */,
			);
			path = Environment;
			sourceTree = "<group>";
		};
		FD6386972A2CABEA001EA164 /* Models */ = {
			isa = PBXGroup;
			children = (
				FD6386982A2CABEA001EA164 /* Conversation.swift */,
				FD6386992A2CABEA001EA164 /* Message.swift */,
			);
			path = Models;
			sourceTree = "<group>";
		};
/* End PBXGroup section */

/* Begin PBXNativeTarget section */
		FD5419F92A2A0C7800F68C68 /* ElevenSpeak */ = {
			isa = PBXNativeTarget;
			buildConfigurationList = FD541A092A2A0C7900F68C68 /* Build configuration list for PBXNativeTarget "ElevenSpeak" */;
			buildPhases = (
				FD5419F62A2A0C7800F68C68 /* Sources */,
				FD5419F72A2A0C7800F68C68 /* Frameworks */,
				FD5419F82A2A0C7800F68C68 /* Resources */,
				FD541A1C2A2A175B00F68C68 /* SwiftLint */,
				FD541A1D2A2A179200F68C68 /* SwiftFormat */,
			);
			buildRules = (
			);
			dependencies = (
			);
			name = ElevenSpeak;
			packageProductDependencies = (
				FD81475E2A2B614800825C4A /* OpenAI */,
				FD8147692A2B7C1000825C4A /* ElevenlabsSwift */,
			);
			productName = ElevenSpeak;
			productReference = FD5419FA2A2A0C7800F68C68 /* ElevenSpeak.app */;
			productType = "com.apple.product-type.application";
		};
/* End PBXNativeTarget section */

/* Begin PBXProject section */
		FD5419F22A2A0C7800F68C68 /* Project object */ = {
			isa = PBXProject;
			attributes = {
				BuildIndependentTargetsInParallel = 1;
				LastSwiftUpdateCheck = 1430;
				LastUpgradeCheck = 1430;
				TargetAttributes = {
					FD5419F92A2A0C7800F68C68 = {
						CreatedOnToolsVersion = 14.3;
					};
				};
			};
			buildConfigurationList = FD5419F52A2A0C7800F68C68 /* Build configuration list for PBXProject "ElevenSpeak" */;
			compatibilityVersion = "Xcode 14.0";
			developmentRegion = en;
			hasScannedForEncodings = 0;
			knownRegions = (
				en,
				Base,
			);
			mainGroup = FD5419F12A2A0C7800F68C68;
			packageReferences = (
				FD81475D2A2B614800825C4A /* XCRemoteSwiftPackageReference "OpenAI" */,
				FD8147682A2B7C1000825C4A /* XCRemoteSwiftPackageReference "ElevenlabsSwift" */,
			);
			productRefGroup = FD5419FB2A2A0C7800F68C68 /* Products */;
			projectDirPath = "";
			projectRoot = "";
			targets = (
				FD5419F92A2A0C7800F68C68 /* ElevenSpeak */,
			);
		};
/* End PBXProject section */

/* Begin PBXResourcesBuildPhase section */
		FD5419F82A2A0C7800F68C68 /* Resources */ = {
			isa = PBXResourcesBuildPhase;
			buildActionMask = 2147483647;
			files = (
				FD541A022A2A0C7900F68C68 /* Assets.xcassets in Resources */,
			);
			runOnlyForDeploymentPostprocessing = 0;
		};
/* End PBXResourcesBuildPhase section */

/* Begin PBXShellScriptBuildPhase section */
		FD541A1C2A2A175B00F68C68 /* SwiftLint */ = {
			isa = PBXShellScriptBuildPhase;
			alwaysOutOfDate = 1;
			buildActionMask = 2147483647;
			files = (
			);
			inputFileListPaths = (
			);
			inputPaths = (
			);
			name = SwiftLint;
			outputFileListPaths = (
			);
			outputPaths = (
			);
			runOnlyForDeploymentPostprocessing = 0;
			shellPath = /bin/sh;
			shellScript = "if [[ \"$(uname -m)\" == arm64 ]]; then\n    export PATH=\"/opt/homebrew/bin:$PATH\"\nfi\n\nif which swiftlint > /dev/null; then\n  swiftlint\nelse\n  echo \"warning: SwiftLint not installed, download from https://github.com/realm/SwiftLint\"\nfi\n";
		};
		FD541A1D2A2A179200F68C68 /* SwiftFormat */ = {
			isa = PBXShellScriptBuildPhase;
			alwaysOutOfDate = 1;
			buildActionMask = 2147483647;
			files = (
			);
			inputFileListPaths = (
			);
			inputPaths = (
			);
			name = SwiftFormat;
			outputFileListPaths = (
			);
			outputPaths = (
			);
			runOnlyForDeploymentPostprocessing = 0;
			shellPath = /bin/sh;
			shellScript = "if which swiftformat >/dev/null; then\n  swiftformat .\nelse\n  echo \"warning: SwiftFormat not installed, download from https://github.com/nicklockwood/SwiftFormat\"\nfi\n";
		};
/* End PBXShellScriptBuildPhase section */

/* Begin PBXSourcesBuildPhase section */
		FD5419F62A2A0C7800F68C68 /* Sources */ = {
			isa = PBXSourcesBuildPhase;
			buildActionMask = 2147483647;
			files = (
				FD6386A42A2CABEA001EA164 /* Conversation.swift in Sources */,
				FD8147672A2B78F200825C4A /* Promt.swift in Sources */,
				FD63869F2A2CABEA001EA164 /* ListView.swift in Sources */,
				FD6386A32A2CABEA001EA164 /* ChatView.swift in Sources */,
				FD63869E2A2CABEA001EA164 /* DetailView.swift in Sources */,
				FD6386A62A2CABEA001EA164 /* ChatStore.swift in Sources */,
				FDAFAF4B2A2C81A1005CE791 /* SceneDelegate.swift in Sources */,
				FDAFAF472A2C7B3D005CE791 /* MainView.swift in Sources */,
				FD6386A52A2CABEA001EA164 /* Message.swift in Sources */,
				FD80928F2A2B0958008EA8A2 /* AudioRecorderService.swift in Sources */,
				FD6386A12A2CABEA001EA164 /* DateProvider.swift in Sources */,
				FD8147632A2B6B3700825C4A /* Secret.swift in Sources */,
				FD8147612A2B62A500825C4A /* WhisperService.swift in Sources */,
				FD81476C2A2B7C1900825C4A /* ElevenLabsService.swift in Sources */,
				FDAFAF492A2C8197005CE791 /* AppDelegate.swift in Sources */,
				FD6386A92A2CB15D001EA164 /* ChatBubbleView.swift in Sources */,
				FD81476E2A2BA2F800825C4A /* AudioPlayerService.swift in Sources */,
				FD6386A22A2CABEA001EA164 /* IDProvider.swift in Sources */,
				FD8147652A2B730E00825C4A /* GPTService.swift in Sources */,
			);
			runOnlyForDeploymentPostprocessing = 0;
		};
/* End PBXSourcesBuildPhase section */

/* Begin XCBuildConfiguration section */
		FD541A072A2A0C7900F68C68 /* Debug */ = {
			isa = XCBuildConfiguration;
			buildSettings = {
				ALWAYS_SEARCH_USER_PATHS = NO;
				CLANG_ANALYZER_NONNULL = YES;
				CLANG_ANALYZER_NUMBER_OBJECT_CONVERSION = YES_AGGRESSIVE;
				CLANG_CXX_LANGUAGE_STANDARD = "gnu++20";
				CLANG_ENABLE_MODULES = YES;
				CLANG_ENABLE_OBJC_ARC = YES;
				CLANG_ENABLE_OBJC_WEAK = YES;
				CLANG_WARN_BLOCK_CAPTURE_AUTORELEASING = YES;
				CLANG_WARN_BOOL_CONVERSION = YES;
				CLANG_WARN_COMMA = YES;
				CLANG_WARN_CONSTANT_CONVERSION = YES;
				CLANG_WARN_DEPRECATED_OBJC_IMPLEMENTATIONS = YES;
				CLANG_WARN_DIRECT_OBJC_ISA_USAGE = YES_ERROR;
				CLANG_WARN_DOCUMENTATION_COMMENTS = YES;
				CLANG_WARN_EMPTY_BODY = YES;
				CLANG_WARN_ENUM_CONVERSION = YES;
				CLANG_WARN_INFINITE_RECURSION = YES;
				CLANG_WARN_INT_CONVERSION = YES;
				CLANG_WARN_NON_LITERAL_NULL_CONVERSION = YES;
				CLANG_WARN_OBJC_IMPLICIT_RETAIN_SELF = YES;
				CLANG_WARN_OBJC_LITERAL_CONVERSION = YES;
				CLANG_WARN_OBJC_ROOT_CLASS = YES_ERROR;
				CLANG_WARN_QUOTED_INCLUDE_IN_FRAMEWORK_HEADER = YES;
				CLANG_WARN_RANGE_LOOP_ANALYSIS = YES;
				CLANG_WARN_STRICT_PROTOTYPES = YES;
				CLANG_WARN_SUSPICIOUS_MOVE = YES;
				CLANG_WARN_UNGUARDED_AVAILABILITY = YES_AGGRESSIVE;
				CLANG_WARN_UNREACHABLE_CODE = YES;
				CLANG_WARN__DUPLICATE_METHOD_MATCH = YES;
				COPY_PHASE_STRIP = NO;
				DEBUG_INFORMATION_FORMAT = dwarf;
				ENABLE_STRICT_OBJC_MSGSEND = YES;
				ENABLE_TESTABILITY = YES;
				GCC_C_LANGUAGE_STANDARD = gnu11;
				GCC_DYNAMIC_NO_PIC = NO;
				GCC_NO_COMMON_BLOCKS = YES;
				GCC_OPTIMIZATION_LEVEL = 0;
				GCC_PREPROCESSOR_DEFINITIONS = (
					"DEBUG=1",
					"$(inherited)",
				);
				GCC_WARN_64_TO_32_BIT_CONVERSION = YES;
				GCC_WARN_ABOUT_RETURN_TYPE = YES_ERROR;
				GCC_WARN_UNDECLARED_SELECTOR = YES;
				GCC_WARN_UNINITIALIZED_AUTOS = YES_AGGRESSIVE;
				GCC_WARN_UNUSED_FUNCTION = YES;
				GCC_WARN_UNUSED_VARIABLE = YES;
				MACOSX_DEPLOYMENT_TARGET = 13.3;
				MTL_ENABLE_DEBUG_INFO = INCLUDE_SOURCE;
				MTL_FAST_MATH = YES;
				ONLY_ACTIVE_ARCH = YES;
				SDKROOT = macosx;
				SWIFT_ACTIVE_COMPILATION_CONDITIONS = DEBUG;
				SWIFT_OPTIMIZATION_LEVEL = "-Onone";
			};
			name = Debug;
		};
		FD541A082A2A0C7900F68C68 /* Release */ = {
			isa = XCBuildConfiguration;
			buildSettings = {
				ALWAYS_SEARCH_USER_PATHS = NO;
				CLANG_ANALYZER_NONNULL = YES;
				CLANG_ANALYZER_NUMBER_OBJECT_CONVERSION = YES_AGGRESSIVE;
				CLANG_CXX_LANGUAGE_STANDARD = "gnu++20";
				CLANG_ENABLE_MODULES = YES;
				CLANG_ENABLE_OBJC_ARC = YES;
				CLANG_ENABLE_OBJC_WEAK = YES;
				CLANG_WARN_BLOCK_CAPTURE_AUTORELEASING = YES;
				CLANG_WARN_BOOL_CONVERSION = YES;
				CLANG_WARN_COMMA = YES;
				CLANG_WARN_CONSTANT_CONVERSION = YES;
				CLANG_WARN_DEPRECATED_OBJC_IMPLEMENTATIONS = YES;
				CLANG_WARN_DIRECT_OBJC_ISA_USAGE = YES_ERROR;
				CLANG_WARN_DOCUMENTATION_COMMENTS = YES;
				CLANG_WARN_EMPTY_BODY = YES;
				CLANG_WARN_ENUM_CONVERSION = YES;
				CLANG_WARN_INFINITE_RECURSION = YES;
				CLANG_WARN_INT_CONVERSION = YES;
				CLANG_WARN_NON_LITERAL_NULL_CONVERSION = YES;
				CLANG_WARN_OBJC_IMPLICIT_RETAIN_SELF = YES;
				CLANG_WARN_OBJC_LITERAL_CONVERSION = YES;
				CLANG_WARN_OBJC_ROOT_CLASS = YES_ERROR;
				CLANG_WARN_QUOTED_INCLUDE_IN_FRAMEWORK_HEADER = YES;
				CLANG_WARN_RANGE_LOOP_ANALYSIS = YES;
				CLANG_WARN_STRICT_PROTOTYPES = YES;
				CLANG_WARN_SUSPICIOUS_MOVE = YES;
				CLANG_WARN_UNGUARDED_AVAILABILITY = YES_AGGRESSIVE;
				CLANG_WARN_UNREACHABLE_CODE = YES;
				CLANG_WARN__DUPLICATE_METHOD_MATCH = YES;
				COPY_PHASE_STRIP = NO;
				DEBUG_INFORMATION_FORMAT = "dwarf-with-dsym";
				ENABLE_NS_ASSERTIONS = NO;
				ENABLE_STRICT_OBJC_MSGSEND = YES;
				GCC_C_LANGUAGE_STANDARD = gnu11;
				GCC_NO_COMMON_BLOCKS = YES;
				GCC_WARN_64_TO_32_BIT_CONVERSION = YES;
				GCC_WARN_ABOUT_RETURN_TYPE = YES_ERROR;
				GCC_WARN_UNDECLARED_SELECTOR = YES;
				GCC_WARN_UNINITIALIZED_AUTOS = YES_AGGRESSIVE;
				GCC_WARN_UNUSED_FUNCTION = YES;
				GCC_WARN_UNUSED_VARIABLE = YES;
				MACOSX_DEPLOYMENT_TARGET = 13.3;
				MTL_ENABLE_DEBUG_INFO = NO;
				MTL_FAST_MATH = YES;
				SDKROOT = macosx;
				SWIFT_COMPILATION_MODE = wholemodule;
				SWIFT_OPTIMIZATION_LEVEL = "-O";
			};
			name = Release;
		};
		FD541A0A2A2A0C7900F68C68 /* Debug */ = {
			isa = XCBuildConfiguration;
			buildSettings = {
				ASSETCATALOG_COMPILER_APPICON_NAME = AppIcon;
				ASSETCATALOG_COMPILER_GLOBAL_ACCENT_COLOR_NAME = AccentColor;
				CODE_SIGN_ENTITLEMENTS = ElevenSpeak/ElevenSpeak.entitlements;
				CODE_SIGN_STYLE = Automatic;
				COMBINE_HIDPI_IMAGES = YES;
				CURRENT_PROJECT_VERSION = 1;
				DEVELOPMENT_TEAM = F7AZ625QQ5;
				ENABLE_HARDENED_RUNTIME = YES;
				ENABLE_PREVIEWS = YES;
				GENERATE_INFOPLIST_FILE = YES;
				INFOPLIST_FILE = ElevenSpeak/Info.plist;
				INFOPLIST_KEY_CFBundleDisplayName = ElevenSpeak;
				INFOPLIST_KEY_LSApplicationCategoryType = "public.app-category.education";
				INFOPLIST_KEY_NSHumanReadableCopyright = "";
				INFOPLIST_KEY_NSMicrophoneUsageDescription = "This app uses the microphone to transcribe your speech.";
				INFOPLIST_KEY_UISupportedInterfaceOrientations = UIInterfaceOrientationPortrait;
				IPHONEOS_DEPLOYMENT_TARGET = 16.0;
				LD_RUNPATH_SEARCH_PATHS = (
					"$(inherited)",
					"@executable_path/../Frameworks",
				);
				MACOSX_DEPLOYMENT_TARGET = 13.0;
				MARKETING_VERSION = 1.0;
				PRODUCT_BUNDLE_IDENTIFIER = com.bystritskiy.ElevenSpeak;
				PRODUCT_NAME = "$(TARGET_NAME)";
				SUPPORTED_PLATFORMS = "iphoneos iphonesimulator";
				SUPPORTS_MACCATALYST = NO;
				SUPPORTS_MAC_DESIGNED_FOR_IPHONE_IPAD = NO;
				SWIFT_EMIT_LOC_STRINGS = YES;
				SWIFT_VERSION = 5.0;
				TARGETED_DEVICE_FAMILY = "1,2";
			};
			name = Debug;
		};
		FD541A0B2A2A0C7900F68C68 /* Release */ = {
			isa = XCBuildConfiguration;
			buildSettings = {
				ASSETCATALOG_COMPILER_APPICON_NAME = AppIcon;
				ASSETCATALOG_COMPILER_GLOBAL_ACCENT_COLOR_NAME = AccentColor;
				CODE_SIGN_ENTITLEMENTS = ElevenSpeak/ElevenSpeak.entitlements;
				CODE_SIGN_STYLE = Automatic;
				COMBINE_HIDPI_IMAGES = YES;
				CURRENT_PROJECT_VERSION = 1;
				DEVELOPMENT_TEAM = F7AZ625QQ5;
				ENABLE_HARDENED_RUNTIME = YES;
				ENABLE_PREVIEWS = YES;
				GENERATE_INFOPLIST_FILE = YES;
				INFOPLIST_FILE = ElevenSpeak/Info.plist;
				INFOPLIST_KEY_CFBundleDisplayName = ElevenSpeak;
				INFOPLIST_KEY_LSApplicationCategoryType = "public.app-category.education";
				INFOPLIST_KEY_NSHumanReadableCopyright = "";
				INFOPLIST_KEY_NSMicrophoneUsageDescription = "This app uses the microphone to transcribe your speech.";
				INFOPLIST_KEY_UISupportedInterfaceOrientations = UIInterfaceOrientationPortrait;
				IPHONEOS_DEPLOYMENT_TARGET = 16.0;
				LD_RUNPATH_SEARCH_PATHS = (
					"$(inherited)",
					"@executable_path/../Frameworks",
				);
				MACOSX_DEPLOYMENT_TARGET = 13.0;
				MARKETING_VERSION = 1.0;
				PRODUCT_BUNDLE_IDENTIFIER = com.bystritskiy.ElevenSpeak;
				PRODUCT_NAME = "$(TARGET_NAME)";
				SUPPORTED_PLATFORMS = "iphoneos iphonesimulator";
				SUPPORTS_MACCATALYST = NO;
				SUPPORTS_MAC_DESIGNED_FOR_IPHONE_IPAD = NO;
				SWIFT_EMIT_LOC_STRINGS = YES;
				SWIFT_VERSION = 5.0;
				TARGETED_DEVICE_FAMILY = "1,2";
			};
			name = Release;
		};
/* End XCBuildConfiguration section */

/* Begin XCConfigurationList section */
		FD5419F52A2A0C7800F68C68 /* Build configuration list for PBXProject "ElevenSpeak" */ = {
			isa = XCConfigurationList;
			buildConfigurations = (
				FD541A072A2A0C7900F68C68 /* Debug */,
				FD541A082A2A0C7900F68C68 /* Release */,
			);
			defaultConfigurationIsVisible = 0;
			defaultConfigurationName = Release;
		};
		FD541A092A2A0C7900F68C68 /* Build configuration list for PBXNativeTarget "ElevenSpeak" */ = {
			isa = XCConfigurationList;
			buildConfigurations = (
				FD541A0A2A2A0C7900F68C68 /* Debug */,
				FD541A0B2A2A0C7900F68C68 /* Release */,
			);
			defaultConfigurationIsVisible = 0;
			defaultConfigurationName = Release;
		};
/* End XCConfigurationList section */

/* Begin XCRemoteSwiftPackageReference section */
		FD81475D2A2B614800825C4A /* XCRemoteSwiftPackageReference "OpenAI" */ = {
			isa = XCRemoteSwiftPackageReference;
			repositoryURL = "https://github.com/MacPaw/OpenAI";
			requirement = {
				kind = upToNextMajorVersion;
				minimumVersion = 0.2.1;
			};
		};
		FD8147682A2B7C1000825C4A /* XCRemoteSwiftPackageReference "ElevenlabsSwift" */ = {
			isa = XCRemoteSwiftPackageReference;
			repositoryURL = "https://github.com/ArchieGoodwin/ElevenlabsSwift";
			requirement = {
				kind = upToNextMajorVersion;
				minimumVersion = 0.7.4;
			};
		};
/* End XCRemoteSwiftPackageReference section */

/* Begin XCSwiftPackageProductDependency section */
		FD81475E2A2B614800825C4A /* OpenAI */ = {
			isa = XCSwiftPackageProductDependency;
			package = FD81475D2A2B614800825C4A /* XCRemoteSwiftPackageReference "OpenAI" */;
			productName = OpenAI;
		};
		FD8147692A2B7C1000825C4A /* ElevenlabsSwift */ = {
			isa = XCSwiftPackageProductDependency;
			package = FD8147682A2B7C1000825C4A /* XCRemoteSwiftPackageReference "ElevenlabsSwift" */;
			productName = ElevenlabsSwift;
		};
/* End XCSwiftPackageProductDependency section */
	};
	rootObject = FD5419F22A2A0C7800F68C68 /* Project object */;
}
