// !$*UTF8*$!
{
	archiveVersion = 1;
	classes = {
	};
	objectVersion = 56;
	objects = {

/* Begin PBXBuildFile section */
		FD0A0FB62A2A2B65004FDEF9 /* SwiftWhisper in Frameworks */ = {isa = PBXBuildFile; productRef = FD0A0FB52A2A2B65004FDEF9 /* SwiftWhisper */; };
		FD0A0FB82A2A2B68004FDEF9 /* OpenAIKit in Frameworks */ = {isa = PBXBuildFile; productRef = FD0A0FB72A2A2B68004FDEF9 /* OpenAIKit */; };
		FD2FDE502A2A22D700C0199C /* tiny.en.bin in Resources */ = {isa = PBXBuildFile; fileRef = FD2FDE4F2A2A22D700C0199C /* tiny.en.bin */; };
		FD2FDE552A2A268800C0199C /* Teacher.swift in Sources */ = {isa = PBXBuildFile; fileRef = FD2FDE542A2A268800C0199C /* Teacher.swift */; };
		FD2FDE5D2A2A282700C0199C /* Secret.swift in Sources */ = {isa = PBXBuildFile; fileRef = FD2FDE5C2A2A282700C0199C /* Secret.swift */; };
		FD5419FE2A2A0C7800F68C68 /* ElevenSpeakApp.swift in Sources */ = {isa = PBXBuildFile; fileRef = FD5419FD2A2A0C7800F68C68 /* ElevenSpeakApp.swift */; };
		FD541A002A2A0C7800F68C68 /* ContentView.swift in Sources */ = {isa = PBXBuildFile; fileRef = FD5419FF2A2A0C7800F68C68 /* ContentView.swift */; };
		FD541A022A2A0C7900F68C68 /* Assets.xcassets in Resources */ = {isa = PBXBuildFile; fileRef = FD541A012A2A0C7900F68C68 /* Assets.xcassets */; };
		FD541A0F2A2A0D9C00F68C68 /* InputView.swift in Sources */ = {isa = PBXBuildFile; fileRef = FD541A0E2A2A0D9C00F68C68 /* InputView.swift */; };
		FD80928F2A2B0958008EA8A2 /* AudioRecorder.swift in Sources */ = {isa = PBXBuildFile; fileRef = FD80928E2A2B0958008EA8A2 /* AudioRecorder.swift */; };
		FD8092912A2B0984008EA8A2 /* CustomWaveformView.swift in Sources */ = {isa = PBXBuildFile; fileRef = FD8092902A2B0984008EA8A2 /* CustomWaveformView.swift */; };
		FD8092932A2B0C3C008EA8A2 /* tiny.bin in Resources */ = {isa = PBXBuildFile; fileRef = FD8092922A2B0C3C008EA8A2 /* tiny.bin */; };
		FD8092962A2B0DE1008EA8A2 /* AudioKit in Frameworks */ = {isa = PBXBuildFile; productRef = FD8092952A2B0DE1008EA8A2 /* AudioKit */; };
/* End PBXBuildFile section */

/* Begin PBXFileReference section */
		FD2FDE4F2A2A22D700C0199C /* tiny.en.bin */ = {isa = PBXFileReference; lastKnownFileType = archive.macbinary; path = tiny.en.bin; sourceTree = "<group>"; };
		FD2FDE542A2A268800C0199C /* Teacher.swift */ = {isa = PBXFileReference; lastKnownFileType = sourcecode.swift; path = Teacher.swift; sourceTree = "<group>"; };
		FD2FDE5C2A2A282700C0199C /* Secret.swift */ = {isa = PBXFileReference; lastKnownFileType = sourcecode.swift; path = Secret.swift; sourceTree = "<group>"; };
		FD5419FA2A2A0C7800F68C68 /* ElevenSpeak.app */ = {isa = PBXFileReference; explicitFileType = wrapper.application; includeInIndex = 0; path = ElevenSpeak.app; sourceTree = BUILT_PRODUCTS_DIR; };
		FD5419FD2A2A0C7800F68C68 /* ElevenSpeakApp.swift */ = {isa = PBXFileReference; lastKnownFileType = sourcecode.swift; path = ElevenSpeakApp.swift; sourceTree = "<group>"; };
		FD5419FF2A2A0C7800F68C68 /* ContentView.swift */ = {isa = PBXFileReference; lastKnownFileType = sourcecode.swift; path = ContentView.swift; sourceTree = "<group>"; };
		FD541A012A2A0C7900F68C68 /* Assets.xcassets */ = {isa = PBXFileReference; lastKnownFileType = folder.assetcatalog; path = Assets.xcassets; sourceTree = "<group>"; };
		FD541A062A2A0C7900F68C68 /* ElevenSpeak.entitlements */ = {isa = PBXFileReference; lastKnownFileType = text.plist.entitlements; path = ElevenSpeak.entitlements; sourceTree = "<group>"; };
		FD541A0E2A2A0D9C00F68C68 /* InputView.swift */ = {isa = PBXFileReference; lastKnownFileType = sourcecode.swift; path = InputView.swift; sourceTree = "<group>"; };
		FD80928E2A2B0958008EA8A2 /* AudioRecorder.swift */ = {isa = PBXFileReference; lastKnownFileType = sourcecode.swift; path = AudioRecorder.swift; sourceTree = "<group>"; };
		FD8092902A2B0984008EA8A2 /* CustomWaveformView.swift */ = {isa = PBXFileReference; lastKnownFileType = sourcecode.swift; path = CustomWaveformView.swift; sourceTree = "<group>"; };
		FD8092922A2B0C3C008EA8A2 /* tiny.bin */ = {isa = PBXFileReference; lastKnownFileType = archive.macbinary; path = tiny.bin; sourceTree = "<group>"; };
/* End PBXFileReference section */

/* Begin PBXFrameworksBuildPhase section */
		FD5419F72A2A0C7800F68C68 /* Frameworks */ = {
			isa = PBXFrameworksBuildPhase;
			buildActionMask = 2147483647;
			files = (
				FD8092962A2B0DE1008EA8A2 /* AudioKit in Frameworks */,
				FD0A0FB62A2A2B65004FDEF9 /* SwiftWhisper in Frameworks */,
				FD0A0FB82A2A2B68004FDEF9 /* OpenAIKit in Frameworks */,
			);
			runOnlyForDeploymentPostprocessing = 0;
		};
/* End PBXFrameworksBuildPhase section */

/* Begin PBXGroup section */
		FD0A0FB42A2A2B65004FDEF9 /* Frameworks */ = {
			isa = PBXGroup;
			children = (
			);
			name = Frameworks;
			sourceTree = "<group>";
		};
		FD2FDE512A2A22DE00C0199C /* ML */ = {
			isa = PBXGroup;
			children = (
				FD2FDE4F2A2A22D700C0199C /* tiny.en.bin */,
				FD8092922A2B0C3C008EA8A2 /* tiny.bin */,
			);
			path = ML;
			sourceTree = "<group>";
		};
		FD5419F12A2A0C7800F68C68 = {
			isa = PBXGroup;
			children = (
				FD5419FC2A2A0C7800F68C68 /* ElevenSpeak */,
				FD5419FB2A2A0C7800F68C68 /* Products */,
				FD0A0FB42A2A2B65004FDEF9 /* Frameworks */,
			);
			sourceTree = "<group>";
		};
		FD5419FB2A2A0C7800F68C68 /* Products */ = {
			isa = PBXGroup;
			children = (
				FD5419FA2A2A0C7800F68C68 /* ElevenSpeak.app */,
			);
			name = Products;
			sourceTree = "<group>";
		};
		FD5419FC2A2A0C7800F68C68 /* ElevenSpeak */ = {
			isa = PBXGroup;
			children = (
				FD541A1E2A2A1C9400F68C68 /* Application */,
				FD541A222A2A1CB500F68C68 /* Service */,
				FD541A202A2A1CA500F68C68 /* Model */,
				FD541A212A2A1CAD00F68C68 /* Presentation */,
				FD541A062A2A0C7900F68C68 /* ElevenSpeak.entitlements */,
			);
			path = ElevenSpeak;
			sourceTree = "<group>";
		};
		FD541A1E2A2A1C9400F68C68 /* Application */ = {
			isa = PBXGroup;
			children = (
				FD2FDE512A2A22DE00C0199C /* ML */,
				FD541A012A2A0C7900F68C68 /* Assets.xcassets */,
				FD2FDE5C2A2A282700C0199C /* Secret.swift */,
			);
			path = Application;
			sourceTree = "<group>";
		};
		FD541A202A2A1CA500F68C68 /* Model */ = {
			isa = PBXGroup;
			children = (
			);
			path = Model;
			sourceTree = "<group>";
		};
		FD541A212A2A1CAD00F68C68 /* Presentation */ = {
			isa = PBXGroup;
			children = (
				FD5419FD2A2A0C7800F68C68 /* ElevenSpeakApp.swift */,
				FD541A0E2A2A0D9C00F68C68 /* InputView.swift */,
				FD5419FF2A2A0C7800F68C68 /* ContentView.swift */,
				FD8092902A2B0984008EA8A2 /* CustomWaveformView.swift */,
			);
			path = Presentation;
			sourceTree = "<group>";
		};
		FD541A222A2A1CB500F68C68 /* Service */ = {
			isa = PBXGroup;
			children = (
				FD2FDE542A2A268800C0199C /* Teacher.swift */,
				FD80928E2A2B0958008EA8A2 /* AudioRecorder.swift */,
			);
			path = Service;
			sourceTree = "<group>";
		};
/* End PBXGroup section */

/* Begin PBXNativeTarget section */
		FD5419F92A2A0C7800F68C68 /* ElevenSpeak */ = {
			isa = PBXNativeTarget;
			buildConfigurationList = FD541A092A2A0C7900F68C68 /* Build configuration list for PBXNativeTarget "ElevenSpeak" */;
			buildPhases = (
				FD5419F62A2A0C7800F68C68 /* Sources */,
				FD5419F72A2A0C7800F68C68 /* Frameworks */,
				FD5419F82A2A0C7800F68C68 /* Resources */,
				FD541A1C2A2A175B00F68C68 /* SwiftLint */,
				FD541A1D2A2A179200F68C68 /* SwiftFormat */,
			);
			buildRules = (
			);
			dependencies = (
			);
			name = ElevenSpeak;
			packageProductDependencies = (
				FD0A0FB52A2A2B65004FDEF9 /* SwiftWhisper */,
				FD0A0FB72A2A2B68004FDEF9 /* OpenAIKit */,
				FD8092952A2B0DE1008EA8A2 /* AudioKit */,
			);
			productName = ElevenSpeak;
			productReference = FD5419FA2A2A0C7800F68C68 /* ElevenSpeak.app */;
			productType = "com.apple.product-type.application";
		};
/* End PBXNativeTarget section */

/* Begin PBXProject section */
		FD5419F22A2A0C7800F68C68 /* Project object */ = {
			isa = PBXProject;
			attributes = {
				BuildIndependentTargetsInParallel = 1;
				LastSwiftUpdateCheck = 1430;
				LastUpgradeCheck = 1430;
				TargetAttributes = {
					FD5419F92A2A0C7800F68C68 = {
						CreatedOnToolsVersion = 14.3;
					};
				};
			};
			buildConfigurationList = FD5419F52A2A0C7800F68C68 /* Build configuration list for PBXProject "ElevenSpeak" */;
			compatibilityVersion = "Xcode 14.0";
			developmentRegion = en;
			hasScannedForEncodings = 0;
			knownRegions = (
				en,
				Base,
			);
			mainGroup = FD5419F12A2A0C7800F68C68;
			packageReferences = (
				FD0A0FB22A2A2AEC004FDEF9 /* XCRemoteSwiftPackageReference "SwiftWhisper" */,
				FD0A0FB32A2A2AFF004FDEF9 /* XCRemoteSwiftPackageReference "openai-kit" */,
				FD8092942A2B0DE1008EA8A2 /* XCRemoteSwiftPackageReference "AudioKit" */,
			);
			productRefGroup = FD5419FB2A2A0C7800F68C68 /* Products */;
			projectDirPath = "";
			projectRoot = "";
			targets = (
				FD5419F92A2A0C7800F68C68 /* ElevenSpeak */,
			);
		};
/* End PBXProject section */

/* Begin PBXResourcesBuildPhase section */
		FD5419F82A2A0C7800F68C68 /* Resources */ = {
			isa = PBXResourcesBuildPhase;
			buildActionMask = 2147483647;
			files = (
				FD2FDE502A2A22D700C0199C /* tiny.en.bin in Resources */,
				FD8092932A2B0C3C008EA8A2 /* tiny.bin in Resources */,
				FD541A022A2A0C7900F68C68 /* Assets.xcassets in Resources */,
			);
			runOnlyForDeploymentPostprocessing = 0;
		};
/* End PBXResourcesBuildPhase section */

/* Begin PBXShellScriptBuildPhase section */
		FD541A1C2A2A175B00F68C68 /* SwiftLint */ = {
			isa = PBXShellScriptBuildPhase;
			alwaysOutOfDate = 1;
			buildActionMask = 2147483647;
			files = (
			);
			inputFileListPaths = (
			);
			inputPaths = (
			);
			name = SwiftLint;
			outputFileListPaths = (
			);
			outputPaths = (
			);
			runOnlyForDeploymentPostprocessing = 0;
			shellPath = /bin/sh;
			shellScript = "if [[ \"$(uname -m)\" == arm64 ]]; then\n    export PATH=\"/opt/homebrew/bin:$PATH\"\nfi\n\nif which swiftlint > /dev/null; then\n  swiftlint\nelse\n  echo \"warning: SwiftLint not installed, download from https://github.com/realm/SwiftLint\"\nfi\n";
		};
		FD541A1D2A2A179200F68C68 /* SwiftFormat */ = {
			isa = PBXShellScriptBuildPhase;
			alwaysOutOfDate = 1;
			buildActionMask = 2147483647;
			files = (
			);
			inputFileListPaths = (
			);
			inputPaths = (
			);
			name = SwiftFormat;
			outputFileListPaths = (
			);
			outputPaths = (
			);
			runOnlyForDeploymentPostprocessing = 0;
			shellPath = /bin/sh;
			shellScript = "if which swiftformat >/dev/null; then\n  swiftformat .\nelse\n  echo \"warning: SwiftFormat not installed, download from https://github.com/nicklockwood/SwiftFormat\"\nfi\n";
		};
/* End PBXShellScriptBuildPhase section */

/* Begin PBXSourcesBuildPhase section */
		FD5419F62A2A0C7800F68C68 /* Sources */ = {
			isa = PBXSourcesBuildPhase;
			buildActionMask = 2147483647;
			files = (
				FD80928F2A2B0958008EA8A2 /* AudioRecorder.swift in Sources */,
				FD541A0F2A2A0D9C00F68C68 /* InputView.swift in Sources */,
				FD2FDE552A2A268800C0199C /* Teacher.swift in Sources */,
				FD8092912A2B0984008EA8A2 /* CustomWaveformView.swift in Sources */,
				FD541A002A2A0C7800F68C68 /* ContentView.swift in Sources */,
				FD2FDE5D2A2A282700C0199C /* Secret.swift in Sources */,
				FD5419FE2A2A0C7800F68C68 /* ElevenSpeakApp.swift in Sources */,
			);
			runOnlyForDeploymentPostprocessing = 0;
		};
/* End PBXSourcesBuildPhase section */

/* Begin XCBuildConfiguration section */
		FD541A072A2A0C7900F68C68 /* Debug */ = {
			isa = XCBuildConfiguration;
			buildSettings = {
				ALWAYS_SEARCH_USER_PATHS = NO;
				CLANG_ANALYZER_NONNULL = YES;
				CLANG_ANALYZER_NUMBER_OBJECT_CONVERSION = YES_AGGRESSIVE;
				CLANG_CXX_LANGUAGE_STANDARD = "gnu++20";
				CLANG_ENABLE_MODULES = YES;
				CLANG_ENABLE_OBJC_ARC = YES;
				CLANG_ENABLE_OBJC_WEAK = YES;
				CLANG_WARN_BLOCK_CAPTURE_AUTORELEASING = YES;
				CLANG_WARN_BOOL_CONVERSION = YES;
				CLANG_WARN_COMMA = YES;
				CLANG_WARN_CONSTANT_CONVERSION = YES;
				CLANG_WARN_DEPRECATED_OBJC_IMPLEMENTATIONS = YES;
				CLANG_WARN_DIRECT_OBJC_ISA_USAGE = YES_ERROR;
				CLANG_WARN_DOCUMENTATION_COMMENTS = YES;
				CLANG_WARN_EMPTY_BODY = YES;
				CLANG_WARN_ENUM_CONVERSION = YES;
				CLANG_WARN_INFINITE_RECURSION = YES;
				CLANG_WARN_INT_CONVERSION = YES;
				CLANG_WARN_NON_LITERAL_NULL_CONVERSION = YES;
				CLANG_WARN_OBJC_IMPLICIT_RETAIN_SELF = YES;
				CLANG_WARN_OBJC_LITERAL_CONVERSION = YES;
				CLANG_WARN_OBJC_ROOT_CLASS = YES_ERROR;
				CLANG_WARN_QUOTED_INCLUDE_IN_FRAMEWORK_HEADER = YES;
				CLANG_WARN_RANGE_LOOP_ANALYSIS = YES;
				CLANG_WARN_STRICT_PROTOTYPES = YES;
				CLANG_WARN_SUSPICIOUS_MOVE = YES;
				CLANG_WARN_UNGUARDED_AVAILABILITY = YES_AGGRESSIVE;
				CLANG_WARN_UNREACHABLE_CODE = YES;
				CLANG_WARN__DUPLICATE_METHOD_MATCH = YES;
				COPY_PHASE_STRIP = NO;
				DEBUG_INFORMATION_FORMAT = dwarf;
				ENABLE_STRICT_OBJC_MSGSEND = YES;
				ENABLE_TESTABILITY = YES;
				GCC_C_LANGUAGE_STANDARD = gnu11;
				GCC_DYNAMIC_NO_PIC = NO;
				GCC_NO_COMMON_BLOCKS = YES;
				GCC_OPTIMIZATION_LEVEL = 0;
				GCC_PREPROCESSOR_DEFINITIONS = (
					"DEBUG=1",
					"$(inherited)",
				);
				GCC_WARN_64_TO_32_BIT_CONVERSION = YES;
				GCC_WARN_ABOUT_RETURN_TYPE = YES_ERROR;
				GCC_WARN_UNDECLARED_SELECTOR = YES;
				GCC_WARN_UNINITIALIZED_AUTOS = YES_AGGRESSIVE;
				GCC_WARN_UNUSED_FUNCTION = YES;
				GCC_WARN_UNUSED_VARIABLE = YES;
				MACOSX_DEPLOYMENT_TARGET = 13.3;
				MTL_ENABLE_DEBUG_INFO = INCLUDE_SOURCE;
				MTL_FAST_MATH = YES;
				ONLY_ACTIVE_ARCH = YES;
				SDKROOT = macosx;
				SWIFT_ACTIVE_COMPILATION_CONDITIONS = DEBUG;
				SWIFT_OPTIMIZATION_LEVEL = "-Onone";
			};
			name = Debug;
		};
		FD541A082A2A0C7900F68C68 /* Release */ = {
			isa = XCBuildConfiguration;
			buildSettings = {
				ALWAYS_SEARCH_USER_PATHS = NO;
				CLANG_ANALYZER_NONNULL = YES;
				CLANG_ANALYZER_NUMBER_OBJECT_CONVERSION = YES_AGGRESSIVE;
				CLANG_CXX_LANGUAGE_STANDARD = "gnu++20";
				CLANG_ENABLE_MODULES = YES;
				CLANG_ENABLE_OBJC_ARC = YES;
				CLANG_ENABLE_OBJC_WEAK = YES;
				CLANG_WARN_BLOCK_CAPTURE_AUTORELEASING = YES;
				CLANG_WARN_BOOL_CONVERSION = YES;
				CLANG_WARN_COMMA = YES;
				CLANG_WARN_CONSTANT_CONVERSION = YES;
				CLANG_WARN_DEPRECATED_OBJC_IMPLEMENTATIONS = YES;
				CLANG_WARN_DIRECT_OBJC_ISA_USAGE = YES_ERROR;
				CLANG_WARN_DOCUMENTATION_COMMENTS = YES;
				CLANG_WARN_EMPTY_BODY = YES;
				CLANG_WARN_ENUM_CONVERSION = YES;
				CLANG_WARN_INFINITE_RECURSION = YES;
				CLANG_WARN_INT_CONVERSION = YES;
				CLANG_WARN_NON_LITERAL_NULL_CONVERSION = YES;
				CLANG_WARN_OBJC_IMPLICIT_RETAIN_SELF = YES;
				CLANG_WARN_OBJC_LITERAL_CONVERSION = YES;
				CLANG_WARN_OBJC_ROOT_CLASS = YES_ERROR;
				CLANG_WARN_QUOTED_INCLUDE_IN_FRAMEWORK_HEADER = YES;
				CLANG_WARN_RANGE_LOOP_ANALYSIS = YES;
				CLANG_WARN_STRICT_PROTOTYPES = YES;
				CLANG_WARN_SUSPICIOUS_MOVE = YES;
				CLANG_WARN_UNGUARDED_AVAILABILITY = YES_AGGRESSIVE;
				CLANG_WARN_UNREACHABLE_CODE = YES;
				CLANG_WARN__DUPLICATE_METHOD_MATCH = YES;
				COPY_PHASE_STRIP = NO;
				DEBUG_INFORMATION_FORMAT = "dwarf-with-dsym";
				ENABLE_NS_ASSERTIONS = NO;
				ENABLE_STRICT_OBJC_MSGSEND = YES;
				GCC_C_LANGUAGE_STANDARD = gnu11;
				GCC_NO_COMMON_BLOCKS = YES;
				GCC_WARN_64_TO_32_BIT_CONVERSION = YES;
				GCC_WARN_ABOUT_RETURN_TYPE = YES_ERROR;
				GCC_WARN_UNDECLARED_SELECTOR = YES;
				GCC_WARN_UNINITIALIZED_AUTOS = YES_AGGRESSIVE;
				GCC_WARN_UNUSED_FUNCTION = YES;
				GCC_WARN_UNUSED_VARIABLE = YES;
				MACOSX_DEPLOYMENT_TARGET = 13.3;
				MTL_ENABLE_DEBUG_INFO = NO;
				MTL_FAST_MATH = YES;
				SDKROOT = macosx;
				SWIFT_COMPILATION_MODE = wholemodule;
				SWIFT_OPTIMIZATION_LEVEL = "-O";
			};
			name = Release;
		};
		FD541A0A2A2A0C7900F68C68 /* Debug */ = {
			isa = XCBuildConfiguration;
			buildSettings = {
				ASSETCATALOG_COMPILER_APPICON_NAME = AppIcon;
				ASSETCATALOG_COMPILER_GLOBAL_ACCENT_COLOR_NAME = AccentColor;
				CODE_SIGN_ENTITLEMENTS = ElevenSpeak/ElevenSpeak.entitlements;
				CODE_SIGN_STYLE = Automatic;
				COMBINE_HIDPI_IMAGES = YES;
				CURRENT_PROJECT_VERSION = 1;
				DEVELOPMENT_TEAM = F7AZ625QQ5;
				ENABLE_HARDENED_RUNTIME = YES;
				ENABLE_PREVIEWS = YES;
				GENERATE_INFOPLIST_FILE = YES;
				INFOPLIST_FILE = ElevenSpeak/Info.plist;
				INFOPLIST_KEY_CFBundleDisplayName = ElevenSpeak;
				INFOPLIST_KEY_LSApplicationCategoryType = "public.app-category.education";
				INFOPLIST_KEY_NSHumanReadableCopyright = "";
				INFOPLIST_KEY_NSMicrophoneUsageDescription = "This app uses the microphone to transcribe your speech.";
				INFOPLIST_KEY_UISupportedInterfaceOrientations = UIInterfaceOrientationPortrait;
				IPHONEOS_DEPLOYMENT_TARGET = 16.0;
				LD_RUNPATH_SEARCH_PATHS = (
					"$(inherited)",
					"@executable_path/../Frameworks",
				);
				MACOSX_DEPLOYMENT_TARGET = 13.0;
				MARKETING_VERSION = 1.0;
				PRODUCT_BUNDLE_IDENTIFIER = com.bystritskiy.ElevenSpeak;
				PRODUCT_NAME = "$(TARGET_NAME)";
				SUPPORTED_PLATFORMS = "iphoneos iphonesimulator";
				SUPPORTS_MACCATALYST = NO;
				SUPPORTS_MAC_DESIGNED_FOR_IPHONE_IPAD = NO;
				SWIFT_EMIT_LOC_STRINGS = YES;
				SWIFT_VERSION = 5.0;
				TARGETED_DEVICE_FAMILY = 1;
			};
			name = Debug;
		};
		FD541A0B2A2A0C7900F68C68 /* Release */ = {
			isa = XCBuildConfiguration;
			buildSettings = {
				ASSETCATALOG_COMPILER_APPICON_NAME = AppIcon;
				ASSETCATALOG_COMPILER_GLOBAL_ACCENT_COLOR_NAME = AccentColor;
				CODE_SIGN_ENTITLEMENTS = ElevenSpeak/ElevenSpeak.entitlements;
				CODE_SIGN_STYLE = Automatic;
				COMBINE_HIDPI_IMAGES = YES;
				CURRENT_PROJECT_VERSION = 1;
				DEVELOPMENT_TEAM = F7AZ625QQ5;
				ENABLE_HARDENED_RUNTIME = YES;
				ENABLE_PREVIEWS = YES;
				GENERATE_INFOPLIST_FILE = YES;
				INFOPLIST_FILE = ElevenSpeak/Info.plist;
				INFOPLIST_KEY_CFBundleDisplayName = ElevenSpeak;
				INFOPLIST_KEY_LSApplicationCategoryType = "public.app-category.education";
				INFOPLIST_KEY_NSHumanReadableCopyright = "";
				INFOPLIST_KEY_NSMicrophoneUsageDescription = "This app uses the microphone to transcribe your speech.";
				INFOPLIST_KEY_UISupportedInterfaceOrientations = UIInterfaceOrientationPortrait;
				IPHONEOS_DEPLOYMENT_TARGET = 16.0;
				LD_RUNPATH_SEARCH_PATHS = (
					"$(inherited)",
					"@executable_path/../Frameworks",
				);
				MACOSX_DEPLOYMENT_TARGET = 13.0;
				MARKETING_VERSION = 1.0;
				PRODUCT_BUNDLE_IDENTIFIER = com.bystritskiy.ElevenSpeak;
				PRODUCT_NAME = "$(TARGET_NAME)";
				SUPPORTED_PLATFORMS = "iphoneos iphonesimulator";
				SUPPORTS_MACCATALYST = NO;
				SUPPORTS_MAC_DESIGNED_FOR_IPHONE_IPAD = NO;
				SWIFT_EMIT_LOC_STRINGS = YES;
				SWIFT_VERSION = 5.0;
				TARGETED_DEVICE_FAMILY = 1;
			};
			name = Release;
		};
/* End XCBuildConfiguration section */

/* Begin XCConfigurationList section */
		FD5419F52A2A0C7800F68C68 /* Build configuration list for PBXProject "ElevenSpeak" */ = {
			isa = XCConfigurationList;
			buildConfigurations = (
				FD541A072A2A0C7900F68C68 /* Debug */,
				FD541A082A2A0C7900F68C68 /* Release */,
			);
			defaultConfigurationIsVisible = 0;
			defaultConfigurationName = Release;
		};
		FD541A092A2A0C7900F68C68 /* Build configuration list for PBXNativeTarget "ElevenSpeak" */ = {
			isa = XCConfigurationList;
			buildConfigurations = (
				FD541A0A2A2A0C7900F68C68 /* Debug */,
				FD541A0B2A2A0C7900F68C68 /* Release */,
			);
			defaultConfigurationIsVisible = 0;
			defaultConfigurationName = Release;
		};
/* End XCConfigurationList section */

/* Begin XCRemoteSwiftPackageReference section */
		FD0A0FB22A2A2AEC004FDEF9 /* XCRemoteSwiftPackageReference "SwiftWhisper" */ = {
			isa = XCRemoteSwiftPackageReference;
			repositoryURL = "https://github.com/exPHAT/SwiftWhisper";
			requirement = {
				branch = fast;
				kind = branch;
			};
		};
		FD0A0FB32A2A2AFF004FDEF9 /* XCRemoteSwiftPackageReference "openai-kit" */ = {
			isa = XCRemoteSwiftPackageReference;
			repositoryURL = "https://github.com/dylanshine/openai-kit.git";
			requirement = {
				kind = upToNextMajorVersion;
				minimumVersion = 1.0.0;
			};
		};
		FD8092942A2B0DE1008EA8A2 /* XCRemoteSwiftPackageReference "AudioKit" */ = {
			isa = XCRemoteSwiftPackageReference;
			repositoryURL = "https://github.com/AudioKit/AudioKit";
			requirement = {
				kind = upToNextMajorVersion;
				minimumVersion = 5.0.0;
			};
		};
/* End XCRemoteSwiftPackageReference section */

/* Begin XCSwiftPackageProductDependency section */
		FD0A0FB52A2A2B65004FDEF9 /* SwiftWhisper */ = {
			isa = XCSwiftPackageProductDependency;
			package = FD0A0FB22A2A2AEC004FDEF9 /* XCRemoteSwiftPackageReference "SwiftWhisper" */;
			productName = SwiftWhisper;
		};
		FD0A0FB72A2A2B68004FDEF9 /* OpenAIKit */ = {
			isa = XCSwiftPackageProductDependency;
			package = FD0A0FB32A2A2AFF004FDEF9 /* XCRemoteSwiftPackageReference "openai-kit" */;
			productName = OpenAIKit;
		};
		FD8092952A2B0DE1008EA8A2 /* AudioKit */ = {
			isa = XCSwiftPackageProductDependency;
			package = FD8092942A2B0DE1008EA8A2 /* XCRemoteSwiftPackageReference "AudioKit" */;
			productName = AudioKit;
		};
/* End XCSwiftPackageProductDependency section */
	};
	rootObject = FD5419F22A2A0C7800F68C68 /* Project object */;
}
